
Microsoft Visual Studio Solution File, Format Version 12.00
# Visual Studio Version 17
VisualStudioVersion = 17.4.33205.214
MinimumVisualStudioVersion = 10.0.40219.1
Project("{FAE04EC0-301F-11D3-BF4B-00C04F79EFBC}") = "IdentityLogin", "IdentityLogin\IdentityLogin.csproj", "{68CA2A47-3A09-40F6-A876-2204DBFA57B2}"
EndProject
Global
	GlobalSection(SolutionConfigurationPlatforms) = preSolution
		Debug|Any CPU = Debug|Any CPU
		Release|Any CPU = Release|Any CPU
	EndGlobalSection
	GlobalSection(ProjectConfigurationPlatforms) = postSolution
		{68CA2A47-3A09-40F6-A876-2204DBFA57B2}.Debug|Any CPU.ActiveCfg = Debug|Any CPU
		{68CA2A47-3A09-40F6-A876-2204DBFA57B2}.Debug|Any CPU.Build.0 = Debug|Any CPU
		{68CA2A47-3A09-40F6-A876-2204DBFA57B2}.Release|Any CPU.ActiveCfg = Release|Any CPU
		{68CA2A47-3A09-40F6-A876-2204DBFA57B2}.Release|Any CPU.Build.0 = Release|Any CPU
	EndGlobalSection
	GlobalSection(SolutionProperties) = preSolution
		HideSolutionNode = FALSE
	EndGlobalSection
	GlobalSection(ExtensibilityGlobals) = postSolution
		SolutionGuid = {2E532940-0FB7-4424-A44F-A14805B9FD29}
	EndGlobalSection
EndGlobal
